
Microsoft Visual Studio Solution File, Format Version 12.00
# Visual Studio Version 17
VisualStudioVersion = 17.5.33502.453
MinimumVisualStudioVersion = 10.0.40219.1
Project("{9A19103F-16F7-4668-BE54-9A1E7A4F7556}") = "BethanysPieShop.Common", "BethanysPieShopAdvanced.Common\BethanysPieShop.Common.csproj", "{FB3EF802-C4BD-4826-A472-77AEDF3E8DCD}"
EndProject
Project("{9A19103F-16F7-4668-BE54-9A1E7A4F7556}") = "BethanysPieShop.DataAccess", "BethanysPieShopAdvanced.DataAccess\BethanysPieShop.DataAccess.csproj", "{E8229A37-70EC-4F8A-8397-A20843EA2D65}"
EndProject
Project("{9A19103F-16F7-4668-BE54-9A1E7A4F7556}") = "BethanysPieShop.BusinessLogic", "BethanysPieShopAdvanced.BusinessLogic\BethanysPieShop.BusinessLogic.csproj", "{82D8AD44-131E-4AA5-8626-4C958783021B}"
EndProject
Project("{9A19103F-16F7-4668-BE54-9A1E7A4F7556}") = "BethanysPieShop.Admin", "BethanysPieShopAdvanced.Admin\BethanysPieShop.Admin.csproj", "{FFE74B7B-3F65-4EC6-9392-FD97084289F3}"
EndProject
Project("{9A19103F-16F7-4668-BE54-9A1E7A4F7556}") = "BethanysPieShop.WebApi", "BethanysPieShopAdvanced.WebApi\BethanysPieShop.WebApi.csproj", "{D3C19A4C-04CC-4E64-84B4-80C6DC6B10A4}"
EndProject
Project("{9A19103F-16F7-4668-BE54-9A1E7A4F7556}") = "BethanysPieShop.IntegrationTests", "BethanysPieShop.IntegrationTests\BethanysPieShop.IntegrationTests.csproj", "{8740CE43-A376-4A4D-9083-485807FD6672}"
EndProject
Project("{9A19103F-16F7-4668-BE54-9A1E7A4F7556}") = "BethanysPieShop.Shared", "BethanysPieShopAdvanced.Shared\BethanysPieShop.Shared.csproj", "{3B3C1E1D-D16E-49E5-99AE-C532B5A69194}"
EndProject
Global
	GlobalSection(SolutionConfigurationPlatforms) = preSolution
		Debug|Any CPU = Debug|Any CPU
		Release|Any CPU = Release|Any CPU
	EndGlobalSection
	GlobalSection(ProjectConfigurationPlatforms) = postSolution
		{FB3EF802-C4BD-4826-A472-77AEDF3E8DCD}.Debug|Any CPU.ActiveCfg = Debug|Any CPU
		{FB3EF802-C4BD-4826-A472-77AEDF3E8DCD}.Debug|Any CPU.Build.0 = Debug|Any CPU
		{FB3EF802-C4BD-4826-A472-77AEDF3E8DCD}.Release|Any CPU.ActiveCfg = Release|Any CPU
		{FB3EF802-C4BD-4826-A472-77AEDF3E8DCD}.Release|Any CPU.Build.0 = Release|Any CPU
		{E8229A37-70EC-4F8A-8397-A20843EA2D65}.Debug|Any CPU.ActiveCfg = Debug|Any CPU
		{E8229A37-70EC-4F8A-8397-A20843EA2D65}.Debug|Any CPU.Build.0 = Debug|Any CPU
		{E8229A37-70EC-4F8A-8397-A20843EA2D65}.Release|Any CPU.ActiveCfg = Release|Any CPU
		{E8229A37-70EC-4F8A-8397-A20843EA2D65}.Release|Any CPU.Build.0 = Release|Any CPU
		{82D8AD44-131E-4AA5-8626-4C958783021B}.Debug|Any CPU.ActiveCfg = Debug|Any CPU
		{82D8AD44-131E-4AA5-8626-4C958783021B}.Debug|Any CPU.Build.0 = Debug|Any CPU
		{82D8AD44-131E-4AA5-8626-4C958783021B}.Release|Any CPU.ActiveCfg = Release|Any CPU
		{82D8AD44-131E-4AA5-8626-4C958783021B}.Release|Any CPU.Build.0 = Release|Any CPU
		{FFE74B7B-3F65-4EC6-9392-FD97084289F3}.Debug|Any CPU.ActiveCfg = Debug|Any CPU
		{FFE74B7B-3F65-4EC6-9392-FD97084289F3}.Debug|Any CPU.Build.0 = Debug|Any CPU
		{FFE74B7B-3F65-4EC6-9392-FD97084289F3}.Release|Any CPU.ActiveCfg = Release|Any CPU
		{FFE74B7B-3F65-4EC6-9392-FD97084289F3}.Release|Any CPU.Build.0 = Release|Any CPU
		{D3C19A4C-04CC-4E64-84B4-80C6DC6B10A4}.Debug|Any CPU.ActiveCfg = Debug|Any CPU
		{D3C19A4C-04CC-4E64-84B4-80C6DC6B10A4}.Debug|Any CPU.Build.0 = Debug|Any CPU
		{D3C19A4C-04CC-4E64-84B4-80C6DC6B10A4}.Release|Any CPU.ActiveCfg = Release|Any CPU
		{D3C19A4C-04CC-4E64-84B4-80C6DC6B10A4}.Release|Any CPU.Build.0 = Release|Any CPU
		{8740CE43-A376-4A4D-9083-485807FD6672}.Debug|Any CPU.ActiveCfg = Debug|Any CPU
		{8740CE43-A376-4A4D-9083-485807FD6672}.Debug|Any CPU.Build.0 = Debug|Any CPU
		{8740CE43-A376-4A4D-9083-485807FD6672}.Release|Any CPU.ActiveCfg = Release|Any CPU
		{8740CE43-A376-4A4D-9083-485807FD6672}.Release|Any CPU.Build.0 = Release|Any CPU
		{3B3C1E1D-D16E-49E5-99AE-C532B5A69194}.Debug|Any CPU.ActiveCfg = Debug|Any CPU
		{3B3C1E1D-D16E-49E5-99AE-C532B5A69194}.Debug|Any CPU.Build.0 = Debug|Any CPU
		{3B3C1E1D-D16E-49E5-99AE-C532B5A69194}.Release|Any CPU.ActiveCfg = Release|Any CPU
		{3B3C1E1D-D16E-49E5-99AE-C532B5A69194}.Release|Any CPU.Build.0 = Release|Any CPU
	EndGlobalSection
	GlobalSection(SolutionProperties) = preSolution
		HideSolutionNode = FALSE
	EndGlobalSection
	GlobalSection(ExtensibilityGlobals) = postSolution
		SolutionGuid = {67AD2421-0E10-498F-8351-7A07DA4395BB}
	EndGlobalSection
EndGlobal
