
Microsoft Visual Studio Solution File, Format Version 12.00
# Visual Studio Version 17
VisualStudioVersion = 17.5.33502.453
MinimumVisualStudioVersion = 10.0.40219.1
Project("{9A19103F-16F7-4668-BE54-9A1E7A4F7556}") = "BethanysPieShopAdvanced.Common", "BethanysPieShopAdvanced.Common\BethanysPieShop.Common.csproj", "{FB3EF802-C4BD-4826-A472-77AEDF3E8DCD}"
EndProject
Project("{9A19103F-16F7-4668-BE54-9A1E7A4F7556}") = "BethanysPieShopAdvanced.DataAccess", "BethanysPieShopAdvanced.DataAccess\BethanysPieShop.DataAccess.csproj", "{E8229A37-70EC-4F8A-8397-A20843EA2D65}"
EndProject
Project("{9A19103F-16F7-4668-BE54-9A1E7A4F7556}") = "BethanysPieShopAdvanced.BusinessLogic", "BethanysPieShopAdvanced.BusinessLogic\BethanysPieShop.BusinessLogic.csproj", "{82D8AD44-131E-4AA5-8626-4C958783021B}"
EndProject
Project("{9A19103F-16F7-4668-BE54-9A1E7A4F7556}") = "BethanysPieShopAdvanced.Admin", "BethanysPieShopAdvanced.Admin\BethanysPieShop.Admin.csproj", "{FFE74B7B-3F65-4EC6-9392-FD97084289F3}"
EndProject
Project("{9A19103F-16F7-4668-BE54-9A1E7A4F7556}") = "BethanysPieShopAdvanced.SharedConfiguration", "BethanysPieShopAdvanced.SharedConfiguration\BethanysPieShop.SharedConfiguration.csproj", "{3FF9FBC2-65F1-46B2-954E-0FDEB0AE9396}"
EndProject
Project("{9A19103F-16F7-4668-BE54-9A1E7A4F7556}") = "BethanysPieShopAdvanced.WebApi", "BethanysPieShopAdvanced.WebApi\BethanysPieShop.WebApi.csproj", "{D3C19A4C-04CC-4E64-84B4-80C6DC6B10A4}"
EndProject
Project("{FAE04EC0-301F-11D3-BF4B-00C04F79EFBC}") = "BethanysPieShopAdvanced.IntegrationTest", "BethanysPieShopAdvanced.IntegrationTest\BethanysPieShop.IntegrationTest.csproj", "{F1638EC7-8641-43BB-8490-B30845BB4669}"
EndProject
Global
	GlobalSection(SolutionConfigurationPlatforms) = preSolution
		Debug|Any CPU = Debug|Any CPU
		Release|Any CPU = Release|Any CPU
	EndGlobalSection
	GlobalSection(ProjectConfigurationPlatforms) = postSolution
		{FB3EF802-C4BD-4826-A472-77AEDF3E8DCD}.Debug|Any CPU.ActiveCfg = Debug|Any CPU
		{FB3EF802-C4BD-4826-A472-77AEDF3E8DCD}.Debug|Any CPU.Build.0 = Debug|Any CPU
		{FB3EF802-C4BD-4826-A472-77AEDF3E8DCD}.Release|Any CPU.ActiveCfg = Release|Any CPU
		{FB3EF802-C4BD-4826-A472-77AEDF3E8DCD}.Release|Any CPU.Build.0 = Release|Any CPU
		{E8229A37-70EC-4F8A-8397-A20843EA2D65}.Debug|Any CPU.ActiveCfg = Debug|Any CPU
		{E8229A37-70EC-4F8A-8397-A20843EA2D65}.Debug|Any CPU.Build.0 = Debug|Any CPU
		{E8229A37-70EC-4F8A-8397-A20843EA2D65}.Release|Any CPU.ActiveCfg = Release|Any CPU
		{E8229A37-70EC-4F8A-8397-A20843EA2D65}.Release|Any CPU.Build.0 = Release|Any CPU
		{82D8AD44-131E-4AA5-8626-4C958783021B}.Debug|Any CPU.ActiveCfg = Debug|Any CPU
		{82D8AD44-131E-4AA5-8626-4C958783021B}.Debug|Any CPU.Build.0 = Debug|Any CPU
		{82D8AD44-131E-4AA5-8626-4C958783021B}.Release|Any CPU.ActiveCfg = Release|Any CPU
		{82D8AD44-131E-4AA5-8626-4C958783021B}.Release|Any CPU.Build.0 = Release|Any CPU
		{FFE74B7B-3F65-4EC6-9392-FD97084289F3}.Debug|Any CPU.ActiveCfg = Debug|Any CPU
		{FFE74B7B-3F65-4EC6-9392-FD97084289F3}.Debug|Any CPU.Build.0 = Debug|Any CPU
		{FFE74B7B-3F65-4EC6-9392-FD97084289F3}.Release|Any CPU.ActiveCfg = Release|Any CPU
		{FFE74B7B-3F65-4EC6-9392-FD97084289F3}.Release|Any CPU.Build.0 = Release|Any CPU
		{3FF9FBC2-65F1-46B2-954E-0FDEB0AE9396}.Debug|Any CPU.ActiveCfg = Debug|Any CPU
		{3FF9FBC2-65F1-46B2-954E-0FDEB0AE9396}.Debug|Any CPU.Build.0 = Debug|Any CPU
		{3FF9FBC2-65F1-46B2-954E-0FDEB0AE9396}.Release|Any CPU.ActiveCfg = Release|Any CPU
		{3FF9FBC2-65F1-46B2-954E-0FDEB0AE9396}.Release|Any CPU.Build.0 = Release|Any CPU
		{D3C19A4C-04CC-4E64-84B4-80C6DC6B10A4}.Debug|Any CPU.ActiveCfg = Debug|Any CPU
		{D3C19A4C-04CC-4E64-84B4-80C6DC6B10A4}.Debug|Any CPU.Build.0 = Debug|Any CPU
		{D3C19A4C-04CC-4E64-84B4-80C6DC6B10A4}.Release|Any CPU.ActiveCfg = Release|Any CPU
		{D3C19A4C-04CC-4E64-84B4-80C6DC6B10A4}.Release|Any CPU.Build.0 = Release|Any CPU
		{F1638EC7-8641-43BB-8490-B30845BB4669}.Debug|Any CPU.ActiveCfg = Debug|Any CPU
		{F1638EC7-8641-43BB-8490-B30845BB4669}.Debug|Any CPU.Build.0 = Debug|Any CPU
		{F1638EC7-8641-43BB-8490-B30845BB4669}.Release|Any CPU.ActiveCfg = Release|Any CPU
		{F1638EC7-8641-43BB-8490-B30845BB4669}.Release|Any CPU.Build.0 = Release|Any CPU
	EndGlobalSection
	GlobalSection(SolutionProperties) = preSolution
		HideSolutionNode = FALSE
	EndGlobalSection
	GlobalSection(ExtensibilityGlobals) = postSolution
		SolutionGuid = {67AD2421-0E10-498F-8351-7A07DA4395BB}
	EndGlobalSection
EndGlobal
